<Solution>
  <Folder Name="/src/">
    <Project Path="src/Tropicast.Station.App/Tropicast.Station.App.csproj" />
    <Project Path="src/Tropicast.Station.Audio.Linux/Tropicast.Station.Audio.Linux.csproj" />
    <Project Path="src/Tropicast.Station.Audio.MacOS/Tropicast.Station.Audio.MacOS.csproj" />
    <Project Path="src/Tropicast.Station.Audio.Windows/Tropicast.Station.Audio.Windows.csproj" />
    <Project Path="src/Tropicast.Station.Audio/Tropicast.Station.Audio.csproj" />
    <Project Path="src/Tropicast.Station.Core/Tropicast.Station.Core.csproj" />
    <Project Path="src/Tropicast.Station.Encoding/Tropicast.Station.Encoding.csproj" />
    <Project Path="src/Tropicast.Station.Infrastructure/Tropicast.Station.Infrastructure.csproj" />
  </Folder>
  <Folder Name="/tests/">
    <Project Path="tests/Tropicast.Station.App.Tests/Tropicast.Station.App.Tests.csproj" />
    <Project Path="tests/Tropicast.Station.Audio.Linux.Tests/Tropicast.Station.Audio.Linux.Tests.csproj" />
    <Project Path="tests/Tropicast.Station.Audio.MacOS.Tests/Tropicast.Station.Audio.MacOS.Tests.csproj" />
    <Project Path="tests/Tropicast.Station.Audio.Tests/Tropicast.Station.Audio.Tests.csproj" />
    <Project Path="tests/Tropicast.Station.Audio.Windows.Tests/Tropicast.Station.Audio.Windows.Tests.csproj" />
    <Project Path="tests/Tropicast.Station.Core.Tests/Tropicast.Station.Core.Tests.csproj" />
    <Project Path="tests/Tropicast.Station.E2E.Tests/Tropicast.Station.E2E.Tests.csproj" />
    <Project Path="tests/Tropicast.Station.Encoding.Tests/Tropicast.Station.Encoding.Tests.csproj" />
    <Project Path="tests/Tropicast.Station.Infrastructure.Tests/Tropicast.Station.Infrastructure.Tests.csproj" />
  </Folder>
  <Folder Name="/tools/">
    <Project Path="tools/EncoderParentProbe/EncoderParentProbe.csproj" />
  </Folder>
</Solution>
